
Microsoft Visual Studio Solution File, Format Version 12.00
# Visual Studio Version 16
VisualStudioVersion = 16.0.29613.14
MinimumVisualStudioVersion = 10.0.40219.1
Project("{FAE04EC0-301F-11D3-BF4B-00C04F79EFBC}") = "InvoiceProject", "InvoiceProject.csproj", "{04C183E6-34FA-4298-81B6-8F409CF240DA}"
EndProject
Global
	GlobalSection(SolutionConfigurationPlatforms) = preSolution
		Debug|Any CPU = Debug|Any CPU
		Release|Any CPU = Release|Any CPU
	EndGlobalSection
	GlobalSection(ProjectConfigurationPlatforms) = postSolution
		{04C183E6-34FA-4298-81B6-8F409CF240DA}.Debug|Any CPU.ActiveCfg = Debug|Any CPU
		{04C183E6-34FA-4298-81B6-8F409CF240DA}.Debug|Any CPU.Build.0 = Debug|Any CPU
		{04C183E6-34FA-4298-81B6-8F409CF240DA}.Release|Any CPU.ActiveCfg = Release|Any CPU
		{04C183E6-34FA-4298-81B6-8F409CF240DA}.Release|Any CPU.Build.0 = Release|Any CPU
	EndGlobalSection
	GlobalSection(SolutionProperties) = preSolution
		HideSolutionNode = FALSE
	EndGlobalSection
	GlobalSection(ExtensibilityGlobals) = postSolution
		SolutionGuid = {BDB26C4D-97B5-4F39-A530-A444B82EEEA9}
	EndGlobalSection
EndGlobal
